
Microsoft Visual Studio Solution File, Format Version 12.00
# Visual Studio Version 17
VisualStudioVersion = 17.11.35303.130
MinimumVisualStudioVersion = 10.0.40219.1
Project("{2150E333-8FDC-42A3-9474-1A3956D46DE8}") = "Task0", "Task0", "{2E9E50BA-FDD4-4C0A-B93A-B13D70C05BDA}"
EndProject
Project("{9A19103F-16F7-4668-BE54-9A1E7A4F7556}") = "Tyuiu.SanzyapovOD.Sprint0.Task0.V0", "Tyuiu.SanzyapovOD.Sprint0.Task0.V0\Tyuiu.SanzyapovOD.Sprint0.Task0.V0.csproj", "{A7A1E1C6-B089-4723-AE26-C588C8E9FD3A}"
EndProject
Project("{2150E333-8FDC-42A3-9474-1A3956D46DE8}") = "Task1", "Task1", "{29D74290-4CC6-4085-B246-837B08050B7C}"
EndProject
Project("{9A19103F-16F7-4668-BE54-9A1E7A4F7556}") = "Tyuiu.SanzyapovOD.Sprint0.Task1.V0", "Tyuiu.SanzyapovOD.Sprint0.Task1.V0\Tyuiu.SanzyapovOD.Sprint0.Task1.V0.csproj", "{4B6FDD4C-080B-4ADD-B45B-17420E864B9A}"
EndProject
Project("{2150E333-8FDC-42A3-9474-1A3956D46DE8}") = "Task2", "Task2", "{0B5D51E9-E439-4FC5-B44F-DF882A790F36}"
EndProject
Project("{FAE04EC0-301F-11D3-BF4B-00C04F79EFBC}") = "Tyuiu.SanzyapovOD.Sprint0.Task2.V0", "Tyuiu.SanzyapovOD.Sprint0.Task2.V0\Tyuiu.SanzyapovOD.Sprint0.Task2.V0.csproj", "{DF439B8F-00D8-48E8-9ACA-771BCB107B0A}"
EndProject
Project("{FAE04EC0-301F-11D3-BF4B-00C04F79EFBC}") = "Tyuiu.SanzyapovOD.Sprint0.Task2.V0.Lib", "Tyuiu.SanzyapovOD.Sprint0.Task2.V0.Lib\Tyuiu.SanzyapovOD.Sprint0.Task2.V0.Lib.csproj", "{203934A1-7CC8-49EE-88BA-2E93FBFF60D4}"
EndProject
Project("{FAE04EC0-301F-11D3-BF4B-00C04F79EFBC}") = "Tyuiu.SanzyapovOD.Sprint0.Task2.V0.Test", "Tyuiu.SanzyapovOD.Sprint0.Task2.V0.Test\Tyuiu.SanzyapovOD.Sprint0.Task2.V0.Test.csproj", "{F57034D7-BA95-453D-BDE3-340081028317}"
EndProject
Project("{2150E333-8FDC-42A3-9474-1A3956D46DE8}") = "Task3", "Task3", "{DD87EE9F-283E-450F-AD09-289D85B30AC3}"
EndProject
Project("{FAE04EC0-301F-11D3-BF4B-00C04F79EFBC}") = "Tyuiu.SanzyapovOD.Sprint0.Task3.V0", "Tyuiu.SanzyapovOD.Sprint0.Task3.V0\Tyuiu.SanzyapovOD.Sprint0.Task3.V0.csproj", "{D1068284-A320-4445-B782-AA3BF1C14694}"
EndProject
Project("{FAE04EC0-301F-11D3-BF4B-00C04F79EFBC}") = "Tyuiu.SanzyapovOD.Sprint0.Task3.V0.Lib", "Tyuiu.SanzyapovOD.Sprint0.Task3.V0.Lib\Tyuiu.SanzyapovOD.Sprint0.Task3.V0.Lib.csproj", "{7BEF944F-6AD9-4B6B-ADB7-06F9F5D0842E}"
EndProject
Project("{FAE04EC0-301F-11D3-BF4B-00C04F79EFBC}") = "Tyuiu.SanzyapovOD.Sprint0.Task3.V0.Test", "Tyuiu.SanzyapovOD.Sprint0.Task3.V0.Test\Tyuiu.SanzyapovOD.Sprint0.Task3.V0.Test.csproj", "{9D373711-ECD4-4717-BCC3-BBC994516047}"
EndProject
Project("{2150E333-8FDC-42A3-9474-1A3956D46DE8}") = "Task4", "Task4", "{AC752932-C4AC-4363-9872-B6401CBBD0A9}"
EndProject
Project("{FAE04EC0-301F-11D3-BF4B-00C04F79EFBC}") = "Tyuiu.SanzyapovOD.Sprint0.Task4.V0", "Tyuiu.SanzyapovOD.Sprint0.Task4.V0\Tyuiu.SanzyapovOD.Sprint0.Task4.V0.csproj", "{566CDD59-DD03-4231-A22C-7AC45892EB1D}"
EndProject
Project("{FAE04EC0-301F-11D3-BF4B-00C04F79EFBC}") = "Tyuiu.SanzyapovOD.Sprint0.Task4.V0.Lib", "Tyuiu.SanzyapovOD.Sprint0.Task4.V0.Lib\Tyuiu.SanzyapovOD.Sprint0.Task4.V0.Lib.csproj", "{52970950-BDF7-4F91-99FC-C10906816370}"
EndProject
Project("{FAE04EC0-301F-11D3-BF4B-00C04F79EFBC}") = "Tyuiu.SanzyapovOD.Sprint0.Task4.V0.Test", "Tyuiu.SanzyapovOD.Sprint0.Task4.V0.Test\Tyuiu.SanzyapovOD.Sprint0.Task4.V0.Test.csproj", "{503C1FB8-2C66-48C8-B2E8-7A7BB10F7199}"
EndProject
Global
	GlobalSection(SolutionConfigurationPlatforms) = preSolution
		Debug|Any CPU = Debug|Any CPU
		Release|Any CPU = Release|Any CPU
	EndGlobalSection
	GlobalSection(ProjectConfigurationPlatforms) = postSolution
		{A7A1E1C6-B089-4723-AE26-C588C8E9FD3A}.Debug|Any CPU.ActiveCfg = Debug|Any CPU
		{A7A1E1C6-B089-4723-AE26-C588C8E9FD3A}.Debug|Any CPU.Build.0 = Debug|Any CPU
		{A7A1E1C6-B089-4723-AE26-C588C8E9FD3A}.Release|Any CPU.ActiveCfg = Release|Any CPU
		{A7A1E1C6-B089-4723-AE26-C588C8E9FD3A}.Release|Any CPU.Build.0 = Release|Any CPU
		{4B6FDD4C-080B-4ADD-B45B-17420E864B9A}.Debug|Any CPU.ActiveCfg = Debug|Any CPU
		{4B6FDD4C-080B-4ADD-B45B-17420E864B9A}.Debug|Any CPU.Build.0 = Debug|Any CPU
		{4B6FDD4C-080B-4ADD-B45B-17420E864B9A}.Release|Any CPU.ActiveCfg = Release|Any CPU
		{4B6FDD4C-080B-4ADD-B45B-17420E864B9A}.Release|Any CPU.Build.0 = Release|Any CPU
		{DF439B8F-00D8-48E8-9ACA-771BCB107B0A}.Debug|Any CPU.ActiveCfg = Debug|Any CPU
		{DF439B8F-00D8-48E8-9ACA-771BCB107B0A}.Debug|Any CPU.Build.0 = Debug|Any CPU
		{DF439B8F-00D8-48E8-9ACA-771BCB107B0A}.Release|Any CPU.ActiveCfg = Release|Any CPU
		{DF439B8F-00D8-48E8-9ACA-771BCB107B0A}.Release|Any CPU.Build.0 = Release|Any CPU
		{203934A1-7CC8-49EE-88BA-2E93FBFF60D4}.Debug|Any CPU.ActiveCfg = Debug|Any CPU
		{203934A1-7CC8-49EE-88BA-2E93FBFF60D4}.Debug|Any CPU.Build.0 = Debug|Any CPU
		{203934A1-7CC8-49EE-88BA-2E93FBFF60D4}.Release|Any CPU.ActiveCfg = Release|Any CPU
		{203934A1-7CC8-49EE-88BA-2E93FBFF60D4}.Release|Any CPU.Build.0 = Release|Any CPU
		{F57034D7-BA95-453D-BDE3-340081028317}.Debug|Any CPU.ActiveCfg = Debug|Any CPU
		{F57034D7-BA95-453D-BDE3-340081028317}.Debug|Any CPU.Build.0 = Debug|Any CPU
		{F57034D7-BA95-453D-BDE3-340081028317}.Release|Any CPU.ActiveCfg = Release|Any CPU
		{F57034D7-BA95-453D-BDE3-340081028317}.Release|Any CPU.Build.0 = Release|Any CPU
		{D1068284-A320-4445-B782-AA3BF1C14694}.Debug|Any CPU.ActiveCfg = Debug|Any CPU
		{D1068284-A320-4445-B782-AA3BF1C14694}.Debug|Any CPU.Build.0 = Debug|Any CPU
		{D1068284-A320-4445-B782-AA3BF1C14694}.Release|Any CPU.ActiveCfg = Release|Any CPU
		{D1068284-A320-4445-B782-AA3BF1C14694}.Release|Any CPU.Build.0 = Release|Any CPU
		{7BEF944F-6AD9-4B6B-ADB7-06F9F5D0842E}.Debug|Any CPU.ActiveCfg = Debug|Any CPU
		{7BEF944F-6AD9-4B6B-ADB7-06F9F5D0842E}.Debug|Any CPU.Build.0 = Debug|Any CPU
		{7BEF944F-6AD9-4B6B-ADB7-06F9F5D0842E}.Release|Any CPU.ActiveCfg = Release|Any CPU
		{7BEF944F-6AD9-4B6B-ADB7-06F9F5D0842E}.Release|Any CPU.Build.0 = Release|Any CPU
		{9D373711-ECD4-4717-BCC3-BBC994516047}.Debug|Any CPU.ActiveCfg = Debug|Any CPU
		{9D373711-ECD4-4717-BCC3-BBC994516047}.Debug|Any CPU.Build.0 = Debug|Any CPU
		{9D373711-ECD4-4717-BCC3-BBC994516047}.Release|Any CPU.ActiveCfg = Release|Any CPU
		{9D373711-ECD4-4717-BCC3-BBC994516047}.Release|Any CPU.Build.0 = Release|Any CPU
		{566CDD59-DD03-4231-A22C-7AC45892EB1D}.Debug|Any CPU.ActiveCfg = Debug|Any CPU
		{566CDD59-DD03-4231-A22C-7AC45892EB1D}.Debug|Any CPU.Build.0 = Debug|Any CPU
		{566CDD59-DD03-4231-A22C-7AC45892EB1D}.Release|Any CPU.ActiveCfg = Release|Any CPU
		{566CDD59-DD03-4231-A22C-7AC45892EB1D}.Release|Any CPU.Build.0 = Release|Any CPU
		{52970950-BDF7-4F91-99FC-C10906816370}.Debug|Any CPU.ActiveCfg = Debug|Any CPU
		{52970950-BDF7-4F91-99FC-C10906816370}.Debug|Any CPU.Build.0 = Debug|Any CPU
		{52970950-BDF7-4F91-99FC-C10906816370}.Release|Any CPU.ActiveCfg = Release|Any CPU
		{52970950-BDF7-4F91-99FC-C10906816370}.Release|Any CPU.Build.0 = Release|Any CPU
		{503C1FB8-2C66-48C8-B2E8-7A7BB10F7199}.Debug|Any CPU.ActiveCfg = Debug|Any CPU
		{503C1FB8-2C66-48C8-B2E8-7A7BB10F7199}.Debug|Any CPU.Build.0 = Debug|Any CPU
		{503C1FB8-2C66-48C8-B2E8-7A7BB10F7199}.Release|Any CPU.ActiveCfg = Release|Any CPU
		{503C1FB8-2C66-48C8-B2E8-7A7BB10F7199}.Release|Any CPU.Build.0 = Release|Any CPU
	EndGlobalSection
	GlobalSection(SolutionProperties) = preSolution
		HideSolutionNode = FALSE
	EndGlobalSection
	GlobalSection(NestedProjects) = preSolution
		{A7A1E1C6-B089-4723-AE26-C588C8E9FD3A} = {2E9E50BA-FDD4-4C0A-B93A-B13D70C05BDA}
		{4B6FDD4C-080B-4ADD-B45B-17420E864B9A} = {29D74290-4CC6-4085-B246-837B08050B7C}
		{DF439B8F-00D8-48E8-9ACA-771BCB107B0A} = {0B5D51E9-E439-4FC5-B44F-DF882A790F36}
		{203934A1-7CC8-49EE-88BA-2E93FBFF60D4} = {0B5D51E9-E439-4FC5-B44F-DF882A790F36}
		{F57034D7-BA95-453D-BDE3-340081028317} = {0B5D51E9-E439-4FC5-B44F-DF882A790F36}
		{D1068284-A320-4445-B782-AA3BF1C14694} = {DD87EE9F-283E-450F-AD09-289D85B30AC3}
		{7BEF944F-6AD9-4B6B-ADB7-06F9F5D0842E} = {DD87EE9F-283E-450F-AD09-289D85B30AC3}
		{9D373711-ECD4-4717-BCC3-BBC994516047} = {DD87EE9F-283E-450F-AD09-289D85B30AC3}
		{566CDD59-DD03-4231-A22C-7AC45892EB1D} = {AC752932-C4AC-4363-9872-B6401CBBD0A9}
		{52970950-BDF7-4F91-99FC-C10906816370} = {AC752932-C4AC-4363-9872-B6401CBBD0A9}
		{503C1FB8-2C66-48C8-B2E8-7A7BB10F7199} = {AC752932-C4AC-4363-9872-B6401CBBD0A9}
	EndGlobalSection
	GlobalSection(ExtensibilityGlobals) = postSolution
		SolutionGuid = {836A02B3-AFBE-49C8-9A68-392C0DEEFB32}
	EndGlobalSection
EndGlobal
