
Microsoft Visual Studio Solution File, Format Version 12.00
# Visual Studio Version 17
VisualStudioVersion = 17.11.35303.130
MinimumVisualStudioVersion = 10.0.40219.1
Project("{2150E333-8FDC-42A3-9474-1A3956D46DE8}") = "Task0", "Task0", "{2E9E50BA-FDD4-4C0A-B93A-B13D70C05BDA}"
EndProject
Project("{FAE04EC0-301F-11D3-BF4B-00C04F79EFBC}") = "Tyuiu.SanzyapovOD.Sprint0.Task0.V0", "Tyuiu.SanzyapovOD.Sprint0.Task0.V0\Tyuiu.SanzyapovOD.Sprint0.Task0.V0.csproj", "{A7A1E1C6-B089-4723-AE26-C588C8E9FD3A}"
EndProject
Project("{2150E333-8FDC-42A3-9474-1A3956D46DE8}") = "Task1", "Task1", "{29D74290-4CC6-4085-B246-837B08050B7C}"
EndProject
Project("{FAE04EC0-301F-11D3-BF4B-00C04F79EFBC}") = "Tyuiu.SanzyapovOD.Sprint0.Task1.V0", "Tyuiu.SanzyapovOD.Sprint0.Task1.V0\Tyuiu.SanzyapovOD.Sprint0.Task1.V0.csproj", "{4B6FDD4C-080B-4ADD-B45B-17420E864B9A}"
EndProject
Global
	GlobalSection(SolutionConfigurationPlatforms) = preSolution
		Debug|Any CPU = Debug|Any CPU
		Release|Any CPU = Release|Any CPU
	EndGlobalSection
	GlobalSection(ProjectConfigurationPlatforms) = postSolution
		{A7A1E1C6-B089-4723-AE26-C588C8E9FD3A}.Debug|Any CPU.ActiveCfg = Debug|Any CPU
		{A7A1E1C6-B089-4723-AE26-C588C8E9FD3A}.Debug|Any CPU.Build.0 = Debug|Any CPU
		{A7A1E1C6-B089-4723-AE26-C588C8E9FD3A}.Release|Any CPU.ActiveCfg = Release|Any CPU
		{A7A1E1C6-B089-4723-AE26-C588C8E9FD3A}.Release|Any CPU.Build.0 = Release|Any CPU
		{4B6FDD4C-080B-4ADD-B45B-17420E864B9A}.Debug|Any CPU.ActiveCfg = Debug|Any CPU
		{4B6FDD4C-080B-4ADD-B45B-17420E864B9A}.Debug|Any CPU.Build.0 = Debug|Any CPU
		{4B6FDD4C-080B-4ADD-B45B-17420E864B9A}.Release|Any CPU.ActiveCfg = Release|Any CPU
		{4B6FDD4C-080B-4ADD-B45B-17420E864B9A}.Release|Any CPU.Build.0 = Release|Any CPU
	EndGlobalSection
	GlobalSection(SolutionProperties) = preSolution
		HideSolutionNode = FALSE
	EndGlobalSection
	GlobalSection(NestedProjects) = preSolution
		{A7A1E1C6-B089-4723-AE26-C588C8E9FD3A} = {2E9E50BA-FDD4-4C0A-B93A-B13D70C05BDA}
		{4B6FDD4C-080B-4ADD-B45B-17420E864B9A} = {29D74290-4CC6-4085-B246-837B08050B7C}
	EndGlobalSection
	GlobalSection(ExtensibilityGlobals) = postSolution
		SolutionGuid = {836A02B3-AFBE-49C8-9A68-392C0DEEFB32}
	EndGlobalSection
EndGlobal
